# @generated - this file is auto-generated by `mise lock` https://mise.jdx.dev/dev-tools/mise-lock.html

[[tools."aqua:taiki-e/cargo-llvm-cov"]]
version = "0.8.5"
backend = "aqua:taiki-e/cargo-llvm-cov"

[tools."aqua:taiki-e/cargo-llvm-cov"."platforms.linux-arm64"]
checksum = "sha256:8248a6d5dcb47307c2ef6d5815f90bca07d04a6f1acd06b658f689cb2d8247d9"
url = "https://github.com/taiki-e/cargo-llvm-cov/releases/download/v0.8.5/cargo-llvm-cov-aarch64-unknown-linux-gnu.tar.gz"
url_api = "https://api.github.com/repos/taiki-e/cargo-llvm-cov/releases/assets/377827059"
provenance = "github-attestations"

[tools."aqua:taiki-e/cargo-llvm-cov"."platforms.linux-arm64-musl"]
checksum = "sha256:bc14a4551e633b12ec89bb15469e6099b4ddc998a5d1bcad0fd95320b148a40f"
url = "https://github.com/taiki-e/cargo-llvm-cov/releases/download/v0.8.5/cargo-llvm-cov-aarch64-unknown-linux-musl.tar.gz"
url_api = "https://api.github.com/repos/taiki-e/cargo-llvm-cov/releases/assets/377827106"
provenance = "github-attestations"

[tools."aqua:taiki-e/cargo-llvm-cov"."platforms.linux-x64"]
checksum = "sha256:7e62d664f5133d43d33a3b11138c93feff98bd71e953ddc260ea8ddf360a37c6"
url = "https://github.com/taiki-e/cargo-llvm-cov/releases/download/v0.8.5/cargo-llvm-cov-x86_64-unknown-linux-gnu.tar.gz"
url_api = "https://api.github.com/repos/taiki-e/cargo-llvm-cov/releases/assets/377825273"
provenance = "github-attestations"

[tools."aqua:taiki-e/cargo-llvm-cov"."platforms.linux-x64-musl"]
checksum = "sha256:e9fc23dbbdc502ee9267544f8c6e8e162c6d7df8fb2e3f62d8289a4c0bd240ce"
url = "https://github.com/taiki-e/cargo-llvm-cov/releases/download/v0.8.5/cargo-llvm-cov-x86_64-unknown-linux-musl.tar.gz"
url_api = "https://api.github.com/repos/taiki-e/cargo-llvm-cov/releases/assets/377826123"
provenance = "github-attestations"

[tools."aqua:taiki-e/cargo-llvm-cov"."platforms.macos-arm64"]
checksum = "sha256:816b6ff2c23ba569327d153189d7434afd501fc873cc0f5fbb0cfe412b97bc22"
url = "https://github.com/taiki-e/cargo-llvm-cov/releases/download/v0.8.5/cargo-llvm-cov-aarch64-apple-darwin.tar.gz"
url_api = "https://api.github.com/repos/taiki-e/cargo-llvm-cov/releases/assets/377828171"
provenance = "github-attestations"

[tools."aqua:taiki-e/cargo-llvm-cov"."platforms.macos-x64"]
checksum = "sha256:b8598f0ea19900f6dea3b3fd4214f1de96f1bff47eaa32a775643fc402cabad0"
url = "https://github.com/taiki-e/cargo-llvm-cov/releases/download/v0.8.5/cargo-llvm-cov-x86_64-apple-darwin.tar.gz"
url_api = "https://api.github.com/repos/taiki-e/cargo-llvm-cov/releases/assets/377828328"
provenance = "github-attestations"

[tools."aqua:taiki-e/cargo-llvm-cov"."platforms.windows-x64"]
checksum = "sha256:900bf64274c7cd865e816ee9859e24a14ee84e7277ad1632d1875ea81b6bc787"
url = "https://github.com/taiki-e/cargo-llvm-cov/releases/download/v0.8.5/cargo-llvm-cov-x86_64-pc-windows-msvc.tar.gz"
url_api = "https://api.github.com/repos/taiki-e/cargo-llvm-cov/releases/assets/377825877"
provenance = "github-attestations"

[[tools."aqua:wasm-bindgen/wasm-pack"]]
version = "0.14.0"
backend = "aqua:wasm-bindgen/wasm-pack"

[tools."aqua:wasm-bindgen/wasm-pack"."platforms.linux-arm64"]
checksum = "sha256:5941c7b05060440ff37ee50fe9009a408e63fa5ba607a3b0736f5a887ec5f2ca"
url = "https://github.com/wasm-bindgen/wasm-pack/releases/download/v0.14.0/wasm-pack-v0.14.0-aarch64-unknown-linux-musl.tar.gz"
url_api = "https://api.github.com/repos/wasm-bindgen/wasm-pack/releases/assets/343224586"

[tools."aqua:wasm-bindgen/wasm-pack"."platforms.linux-arm64-musl"]
checksum = "sha256:5941c7b05060440ff37ee50fe9009a408e63fa5ba607a3b0736f5a887ec5f2ca"
url = "https://github.com/wasm-bindgen/wasm-pack/releases/download/v0.14.0/wasm-pack-v0.14.0-aarch64-unknown-linux-musl.tar.gz"
url_api = "https://api.github.com/repos/wasm-bindgen/wasm-pack/releases/assets/343224586"

[tools."aqua:wasm-bindgen/wasm-pack"."platforms.linux-x64"]
checksum = "sha256:278a8d668085821f4d1a637bd864f1713f872b0ae3a118c77562a308c0abfe8d"
url = "https://github.com/wasm-bindgen/wasm-pack/releases/download/v0.14.0/wasm-pack-v0.14.0-x86_64-unknown-linux-musl.tar.gz"
url_api = "https://api.github.com/repos/wasm-bindgen/wasm-pack/releases/assets/343224578"

[tools."aqua:wasm-bindgen/wasm-pack"."platforms.linux-x64-musl"]
checksum = "sha256:278a8d668085821f4d1a637bd864f1713f872b0ae3a118c77562a308c0abfe8d"
url = "https://github.com/wasm-bindgen/wasm-pack/releases/download/v0.14.0/wasm-pack-v0.14.0-x86_64-unknown-linux-musl.tar.gz"
url_api = "https://api.github.com/repos/wasm-bindgen/wasm-pack/releases/assets/343224578"

[tools."aqua:wasm-bindgen/wasm-pack"."platforms.macos-arm64"]
checksum = "sha256:46b66072ee9912b53f83841aecb04479a60e0705f7bb8b6681b377a07a512a23"
url = "https://github.com/wasm-bindgen/wasm-pack/releases/download/v0.14.0/wasm-pack-v0.14.0-x86_64-apple-darwin.tar.gz"
url_api = "https://api.github.com/repos/wasm-bindgen/wasm-pack/releases/assets/343224617"

[tools."aqua:wasm-bindgen/wasm-pack"."platforms.macos-x64"]
checksum = "sha256:46b66072ee9912b53f83841aecb04479a60e0705f7bb8b6681b377a07a512a23"
url = "https://github.com/wasm-bindgen/wasm-pack/releases/download/v0.14.0/wasm-pack-v0.14.0-x86_64-apple-darwin.tar.gz"
url_api = "https://api.github.com/repos/wasm-bindgen/wasm-pack/releases/assets/343224617"

[tools."aqua:wasm-bindgen/wasm-pack"."platforms.windows-x64"]
checksum = "sha256:d484c8e8bcd9e8c30097fbac78b52dd159598f99d11e43a50f5d143b67c721f1"
url = "https://github.com/wasm-bindgen/wasm-pack/releases/download/v0.14.0/wasm-pack-v0.14.0-x86_64-pc-windows-msvc.tar.gz"
url_api = "https://api.github.com/repos/wasm-bindgen/wasm-pack/releases/assets/343224596"
